
Microsoft Visual Studio Solution File, Format Version 12.00
Project("{FAE04EC0-301F-11D3-BF4B-00C04F79EFBC}") = "Nebula.API", "Nebula.API\Nebula.API.csproj", "{0B23ECEF-A9B5-4DC1-8714-A4F761561BE8}"
EndProject
Project("{FAE04EC0-301F-11D3-BF4B-00C04F79EFBC}") = "Nebula.Domain", "Nebula.Domain\Nebula.Domain.csproj", "{CFBE21CC-428F-4F3C-B6E7-CC8DAFC032F6}"
EndProject
Project("{FAE04EC0-301F-11D3-BF4B-00C04F79EFBC}") = "Nebula.Infrastructure", "Nebula.Infrastructure\Nebula.Infrastructure.csproj", "{A415445F-E4C4-47FE-B8C6-956216F99700}"
EndProject
Project("{FAE04EC0-301F-11D3-BF4B-00C04F79EFBC}") = "Nebula.Services", "Nebula.Services\Nebula.Services.csproj", "{3DA4B760-F590-4D8B-9C03-20A9615AAB4C}"
EndProject
Project("{FAE04EC0-301F-11D3-BF4B-00C04F79EFBC}") = "Nebula.Contracts.Services", "Contracts\Nebula.Contracts.Services\Nebula.Contracts.Services.csproj", "{C6B48BD7-E4F6-46BE-BB93-EA3CF309715C}"
EndProject
Project("{2150E333-8FDC-42A3-9474-1A3956D46DE8}") = "Contracts", "Contracts", "{A7FF6961-D40F-4118-B75F-75FB71F10405}"
EndProject
Project("{FAE04EC0-301F-11D3-BF4B-00C04F79EFBC}") = "Nebula.DataTransfer", "Nebula.DataTransfer\Nebula.DataTransfer.csproj", "{6FCCAC4D-45A4-44E3-A907-6AA88741A175}"
EndProject
Project("{FAE04EC0-301F-11D3-BF4B-00C04F79EFBC}") = "Nebula.Contracts.Repositories", "Contracts\Nebula.Contracts.Repositories\Nebula.Contracts.Repositories.csproj", "{3586308E-3954-4DC7-A5B1-C35E220D04CA}"
EndProject
Global
	GlobalSection(SolutionConfigurationPlatforms) = preSolution
		Debug|Any CPU = Debug|Any CPU
		Debug|x64 = Debug|x64
		Debug|x86 = Debug|x86
		Release|Any CPU = Release|Any CPU
		Release|x64 = Release|x64
		Release|x86 = Release|x86
	EndGlobalSection
	GlobalSection(ProjectConfigurationPlatforms) = postSolution
		{0B23ECEF-A9B5-4DC1-8714-A4F761561BE8}.Debug|Any CPU.ActiveCfg = Debug|Any CPU
		{0B23ECEF-A9B5-4DC1-8714-A4F761561BE8}.Debug|Any CPU.Build.0 = Debug|Any CPU
		{0B23ECEF-A9B5-4DC1-8714-A4F761561BE8}.Debug|x64.ActiveCfg = Debug|Any CPU
		{0B23ECEF-A9B5-4DC1-8714-A4F761561BE8}.Debug|x64.Build.0 = Debug|Any CPU
		{0B23ECEF-A9B5-4DC1-8714-A4F761561BE8}.Debug|x86.ActiveCfg = Debug|Any CPU
		{0B23ECEF-A9B5-4DC1-8714-A4F761561BE8}.Debug|x86.Build.0 = Debug|Any CPU
		{0B23ECEF-A9B5-4DC1-8714-A4F761561BE8}.Release|Any CPU.ActiveCfg = Release|Any CPU
		{0B23ECEF-A9B5-4DC1-8714-A4F761561BE8}.Release|Any CPU.Build.0 = Release|Any CPU
		{0B23ECEF-A9B5-4DC1-8714-A4F761561BE8}.Release|x64.ActiveCfg = Release|Any CPU
		{0B23ECEF-A9B5-4DC1-8714-A4F761561BE8}.Release|x64.Build.0 = Release|Any CPU
		{0B23ECEF-A9B5-4DC1-8714-A4F761561BE8}.Release|x86.ActiveCfg = Release|Any CPU
		{0B23ECEF-A9B5-4DC1-8714-A4F761561BE8}.Release|x86.Build.0 = Release|Any CPU
		{CFBE21CC-428F-4F3C-B6E7-CC8DAFC032F6}.Debug|Any CPU.ActiveCfg = Debug|Any CPU
		{CFBE21CC-428F-4F3C-B6E7-CC8DAFC032F6}.Debug|Any CPU.Build.0 = Debug|Any CPU
		{CFBE21CC-428F-4F3C-B6E7-CC8DAFC032F6}.Debug|x64.ActiveCfg = Debug|Any CPU
		{CFBE21CC-428F-4F3C-B6E7-CC8DAFC032F6}.Debug|x64.Build.0 = Debug|Any CPU
		{CFBE21CC-428F-4F3C-B6E7-CC8DAFC032F6}.Debug|x86.ActiveCfg = Debug|Any CPU
		{CFBE21CC-428F-4F3C-B6E7-CC8DAFC032F6}.Debug|x86.Build.0 = Debug|Any CPU
		{CFBE21CC-428F-4F3C-B6E7-CC8DAFC032F6}.Release|Any CPU.ActiveCfg = Release|Any CPU
		{CFBE21CC-428F-4F3C-B6E7-CC8DAFC032F6}.Release|Any CPU.Build.0 = Release|Any CPU
		{CFBE21CC-428F-4F3C-B6E7-CC8DAFC032F6}.Release|x64.ActiveCfg = Release|Any CPU
		{CFBE21CC-428F-4F3C-B6E7-CC8DAFC032F6}.Release|x64.Build.0 = Release|Any CPU
		{CFBE21CC-428F-4F3C-B6E7-CC8DAFC032F6}.Release|x86.ActiveCfg = Release|Any CPU
		{CFBE21CC-428F-4F3C-B6E7-CC8DAFC032F6}.Release|x86.Build.0 = Release|Any CPU
		{A415445F-E4C4-47FE-B8C6-956216F99700}.Debug|Any CPU.ActiveCfg = Debug|Any CPU
		{A415445F-E4C4-47FE-B8C6-956216F99700}.Debug|Any CPU.Build.0 = Debug|Any CPU
		{A415445F-E4C4-47FE-B8C6-956216F99700}.Debug|x64.ActiveCfg = Debug|Any CPU
		{A415445F-E4C4-47FE-B8C6-956216F99700}.Debug|x64.Build.0 = Debug|Any CPU
		{A415445F-E4C4-47FE-B8C6-956216F99700}.Debug|x86.ActiveCfg = Debug|Any CPU
		{A415445F-E4C4-47FE-B8C6-956216F99700}.Debug|x86.Build.0 = Debug|Any CPU
		{A415445F-E4C4-47FE-B8C6-956216F99700}.Release|Any CPU.ActiveCfg = Release|Any CPU
		{A415445F-E4C4-47FE-B8C6-956216F99700}.Release|Any CPU.Build.0 = Release|Any CPU
		{A415445F-E4C4-47FE-B8C6-956216F99700}.Release|x64.ActiveCfg = Release|Any CPU
		{A415445F-E4C4-47FE-B8C6-956216F99700}.Release|x64.Build.0 = Release|Any CPU
		{A415445F-E4C4-47FE-B8C6-956216F99700}.Release|x86.ActiveCfg = Release|Any CPU
		{A415445F-E4C4-47FE-B8C6-956216F99700}.Release|x86.Build.0 = Release|Any CPU
		{3DA4B760-F590-4D8B-9C03-20A9615AAB4C}.Debug|Any CPU.ActiveCfg = Debug|Any CPU
		{3DA4B760-F590-4D8B-9C03-20A9615AAB4C}.Debug|Any CPU.Build.0 = Debug|Any CPU
		{3DA4B760-F590-4D8B-9C03-20A9615AAB4C}.Debug|x64.ActiveCfg = Debug|Any CPU
		{3DA4B760-F590-4D8B-9C03-20A9615AAB4C}.Debug|x64.Build.0 = Debug|Any CPU
		{3DA4B760-F590-4D8B-9C03-20A9615AAB4C}.Debug|x86.ActiveCfg = Debug|Any CPU
		{3DA4B760-F590-4D8B-9C03-20A9615AAB4C}.Debug|x86.Build.0 = Debug|Any CPU
		{3DA4B760-F590-4D8B-9C03-20A9615AAB4C}.Release|Any CPU.ActiveCfg = Release|Any CPU
		{3DA4B760-F590-4D8B-9C03-20A9615AAB4C}.Release|Any CPU.Build.0 = Release|Any CPU
		{3DA4B760-F590-4D8B-9C03-20A9615AAB4C}.Release|x64.ActiveCfg = Release|Any CPU
		{3DA4B760-F590-4D8B-9C03-20A9615AAB4C}.Release|x64.Build.0 = Release|Any CPU
		{3DA4B760-F590-4D8B-9C03-20A9615AAB4C}.Release|x86.ActiveCfg = Release|Any CPU
		{3DA4B760-F590-4D8B-9C03-20A9615AAB4C}.Release|x86.Build.0 = Release|Any CPU
		{C6B48BD7-E4F6-46BE-BB93-EA3CF309715C}.Debug|Any CPU.ActiveCfg = Debug|Any CPU
		{C6B48BD7-E4F6-46BE-BB93-EA3CF309715C}.Debug|Any CPU.Build.0 = Debug|Any CPU
		{C6B48BD7-E4F6-46BE-BB93-EA3CF309715C}.Debug|x64.ActiveCfg = Debug|Any CPU
		{C6B48BD7-E4F6-46BE-BB93-EA3CF309715C}.Debug|x64.Build.0 = Debug|Any CPU
		{C6B48BD7-E4F6-46BE-BB93-EA3CF309715C}.Debug|x86.ActiveCfg = Debug|Any CPU
		{C6B48BD7-E4F6-46BE-BB93-EA3CF309715C}.Debug|x86.Build.0 = Debug|Any CPU
		{C6B48BD7-E4F6-46BE-BB93-EA3CF309715C}.Release|Any CPU.ActiveCfg = Release|Any CPU
		{C6B48BD7-E4F6-46BE-BB93-EA3CF309715C}.Release|Any CPU.Build.0 = Release|Any CPU
		{C6B48BD7-E4F6-46BE-BB93-EA3CF309715C}.Release|x64.ActiveCfg = Release|Any CPU
		{C6B48BD7-E4F6-46BE-BB93-EA3CF309715C}.Release|x64.Build.0 = Release|Any CPU
		{C6B48BD7-E4F6-46BE-BB93-EA3CF309715C}.Release|x86.ActiveCfg = Release|Any CPU
		{C6B48BD7-E4F6-46BE-BB93-EA3CF309715C}.Release|x86.Build.0 = Release|Any CPU
		{6FCCAC4D-45A4-44E3-A907-6AA88741A175}.Debug|Any CPU.ActiveCfg = Debug|Any CPU
		{6FCCAC4D-45A4-44E3-A907-6AA88741A175}.Debug|Any CPU.Build.0 = Debug|Any CPU
		{6FCCAC4D-45A4-44E3-A907-6AA88741A175}.Debug|x64.ActiveCfg = Debug|Any CPU
		{6FCCAC4D-45A4-44E3-A907-6AA88741A175}.Debug|x64.Build.0 = Debug|Any CPU
		{6FCCAC4D-45A4-44E3-A907-6AA88741A175}.Debug|x86.ActiveCfg = Debug|Any CPU
		{6FCCAC4D-45A4-44E3-A907-6AA88741A175}.Debug|x86.Build.0 = Debug|Any CPU
		{6FCCAC4D-45A4-44E3-A907-6AA88741A175}.Release|Any CPU.ActiveCfg = Release|Any CPU
		{6FCCAC4D-45A4-44E3-A907-6AA88741A175}.Release|Any CPU.Build.0 = Release|Any CPU
		{6FCCAC4D-45A4-44E3-A907-6AA88741A175}.Release|x64.ActiveCfg = Release|Any CPU
		{6FCCAC4D-45A4-44E3-A907-6AA88741A175}.Release|x64.Build.0 = Release|Any CPU
		{6FCCAC4D-45A4-44E3-A907-6AA88741A175}.Release|x86.ActiveCfg = Release|Any CPU
		{6FCCAC4D-45A4-44E3-A907-6AA88741A175}.Release|x86.Build.0 = Release|Any CPU
		{3586308E-3954-4DC7-A5B1-C35E220D04CA}.Debug|Any CPU.ActiveCfg = Debug|Any CPU
		{3586308E-3954-4DC7-A5B1-C35E220D04CA}.Debug|Any CPU.Build.0 = Debug|Any CPU
		{3586308E-3954-4DC7-A5B1-C35E220D04CA}.Debug|x64.ActiveCfg = Debug|Any CPU
		{3586308E-3954-4DC7-A5B1-C35E220D04CA}.Debug|x64.Build.0 = Debug|Any CPU
		{3586308E-3954-4DC7-A5B1-C35E220D04CA}.Debug|x86.ActiveCfg = Debug|Any CPU
		{3586308E-3954-4DC7-A5B1-C35E220D04CA}.Debug|x86.Build.0 = Debug|Any CPU
		{3586308E-3954-4DC7-A5B1-C35E220D04CA}.Release|Any CPU.ActiveCfg = Release|Any CPU
		{3586308E-3954-4DC7-A5B1-C35E220D04CA}.Release|Any CPU.Build.0 = Release|Any CPU
		{3586308E-3954-4DC7-A5B1-C35E220D04CA}.Release|x64.ActiveCfg = Release|Any CPU
		{3586308E-3954-4DC7-A5B1-C35E220D04CA}.Release|x64.Build.0 = Release|Any CPU
		{3586308E-3954-4DC7-A5B1-C35E220D04CA}.Release|x86.ActiveCfg = Release|Any CPU
		{3586308E-3954-4DC7-A5B1-C35E220D04CA}.Release|x86.Build.0 = Release|Any CPU
	EndGlobalSection
	GlobalSection(SolutionProperties) = preSolution
		HideSolutionNode = FALSE
	EndGlobalSection
	GlobalSection(NestedProjects) = preSolution
		{C6B48BD7-E4F6-46BE-BB93-EA3CF309715C} = {A7FF6961-D40F-4118-B75F-75FB71F10405}
		{3586308E-3954-4DC7-A5B1-C35E220D04CA} = {A7FF6961-D40F-4118-B75F-75FB71F10405}
	EndGlobalSection
EndGlobal
